
Microsoft Visual Studio Solution File, Format Version 12.00
# Visual Studio Version 16
VisualStudioVersion = 16.0.30503.244
MinimumVisualStudioVersion = 10.0.40219.1
Project("{9A19103F-16F7-4668-BE54-9A1E7A4F7556}") = "CSharpDesignPatterns", "CSharpDesignPatterns\CSharpDesignPatterns.csproj", "{1FCF8BE3-8ACC-4253-B2A0-8EFB5C876E80}"
EndProject
Project("{9A19103F-16F7-4668-BE54-9A1E7A4F7556}") = "Singleton", "Singleton\Singleton.csproj", "{BCEC209C-14FD-4E7B-A52A-EE75B9FEC07D}"
EndProject
Project("{9A19103F-16F7-4668-BE54-9A1E7A4F7556}") = "ObserverPattern", "Strategy\ObserverPattern.csproj", "{FFF99587-5DD2-4975-9DE7-AB6B3E9E77CB}"
EndProject
Project("{9A19103F-16F7-4668-BE54-9A1E7A4F7556}") = "CommandPattern", "CommandPattern\CommandPattern.csproj", "{9701FF38-C906-4BBD-AA43-B258E2036F2D}"
EndProject
Project("{FAE04EC0-301F-11D3-BF4B-00C04F79EFBC}") = "StatePattern", "StatePattern\StatePattern.csproj", "{58BEB27E-F730-4EAC-82A9-BF3EDE12B84E}"
EndProject
Global
	GlobalSection(SolutionConfigurationPlatforms) = preSolution
		Debug|Any CPU = Debug|Any CPU
		Release|Any CPU = Release|Any CPU
	EndGlobalSection
	GlobalSection(ProjectConfigurationPlatforms) = postSolution
		{1FCF8BE3-8ACC-4253-B2A0-8EFB5C876E80}.Debug|Any CPU.ActiveCfg = Debug|Any CPU
		{1FCF8BE3-8ACC-4253-B2A0-8EFB5C876E80}.Debug|Any CPU.Build.0 = Debug|Any CPU
		{1FCF8BE3-8ACC-4253-B2A0-8EFB5C876E80}.Release|Any CPU.ActiveCfg = Release|Any CPU
		{1FCF8BE3-8ACC-4253-B2A0-8EFB5C876E80}.Release|Any CPU.Build.0 = Release|Any CPU
		{BCEC209C-14FD-4E7B-A52A-EE75B9FEC07D}.Debug|Any CPU.ActiveCfg = Debug|Any CPU
		{BCEC209C-14FD-4E7B-A52A-EE75B9FEC07D}.Debug|Any CPU.Build.0 = Debug|Any CPU
		{BCEC209C-14FD-4E7B-A52A-EE75B9FEC07D}.Release|Any CPU.ActiveCfg = Release|Any CPU
		{BCEC209C-14FD-4E7B-A52A-EE75B9FEC07D}.Release|Any CPU.Build.0 = Release|Any CPU
		{FFF99587-5DD2-4975-9DE7-AB6B3E9E77CB}.Debug|Any CPU.ActiveCfg = Debug|Any CPU
		{FFF99587-5DD2-4975-9DE7-AB6B3E9E77CB}.Debug|Any CPU.Build.0 = Debug|Any CPU
		{FFF99587-5DD2-4975-9DE7-AB6B3E9E77CB}.Release|Any CPU.ActiveCfg = Release|Any CPU
		{FFF99587-5DD2-4975-9DE7-AB6B3E9E77CB}.Release|Any CPU.Build.0 = Release|Any CPU
		{9701FF38-C906-4BBD-AA43-B258E2036F2D}.Debug|Any CPU.ActiveCfg = Debug|Any CPU
		{9701FF38-C906-4BBD-AA43-B258E2036F2D}.Debug|Any CPU.Build.0 = Debug|Any CPU
		{9701FF38-C906-4BBD-AA43-B258E2036F2D}.Release|Any CPU.ActiveCfg = Release|Any CPU
		{9701FF38-C906-4BBD-AA43-B258E2036F2D}.Release|Any CPU.Build.0 = Release|Any CPU
		{58BEB27E-F730-4EAC-82A9-BF3EDE12B84E}.Debug|Any CPU.ActiveCfg = Debug|Any CPU
		{58BEB27E-F730-4EAC-82A9-BF3EDE12B84E}.Debug|Any CPU.Build.0 = Debug|Any CPU
		{58BEB27E-F730-4EAC-82A9-BF3EDE12B84E}.Release|Any CPU.ActiveCfg = Release|Any CPU
		{58BEB27E-F730-4EAC-82A9-BF3EDE12B84E}.Release|Any CPU.Build.0 = Release|Any CPU
	EndGlobalSection
	GlobalSection(SolutionProperties) = preSolution
		HideSolutionNode = FALSE
	EndGlobalSection
	GlobalSection(ExtensibilityGlobals) = postSolution
		SolutionGuid = {2131D934-45DB-43FB-9DC6-F4069850529B}
	EndGlobalSection
EndGlobal
